
Microsoft Visual Studio Solution File, Format Version 12.00
# Visual Studio Version 16
VisualStudioVersion = 16.0.30804.86
MinimumVisualStudioVersion = 10.0.40219.1
Project("{FAE04EC0-301F-11D3-BF4B-00C04F79EFBC}") = "tpcassebrique", "tpcassebrique\tpcassebrique.csproj", "{CF771435-92A9-498F-9769-8646710966AB}"
EndProject
Global
	GlobalSection(SolutionConfigurationPlatforms) = preSolution
		Debug|Any CPU = Debug|Any CPU
		Release|Any CPU = Release|Any CPU
	EndGlobalSection
	GlobalSection(ProjectConfigurationPlatforms) = postSolution
		{CF771435-92A9-498F-9769-8646710966AB}.Debug|Any CPU.ActiveCfg = Debug|Any CPU
		{CF771435-92A9-498F-9769-8646710966AB}.Debug|Any CPU.Build.0 = Debug|Any CPU
		{CF771435-92A9-498F-9769-8646710966AB}.Release|Any CPU.ActiveCfg = Release|Any CPU
		{CF771435-92A9-498F-9769-8646710966AB}.Release|Any CPU.Build.0 = Release|Any CPU
	EndGlobalSection
	GlobalSection(SolutionProperties) = preSolution
		HideSolutionNode = FALSE
	EndGlobalSection
	GlobalSection(ExtensibilityGlobals) = postSolution
		SolutionGuid = {AB297EAE-908C-4508-B8D4-654AA688AC08}
	EndGlobalSection
EndGlobal
